
Microsoft Visual Studio Solution File, Format Version 12.00
# Visual Studio Version 17
VisualStudioVersion = 17.0.31903.59
MinimumVisualStudioVersion = 10.0.40219.1
Project("{FAE04EC0-301F-11D3-BF4B-00C04F79EFBC}") = "Health App Api", "Health App Api\Health App Api.csproj", "{DFF45879-A72F-42ED-8FE7-12B2B1EE2016}"
EndProject
Project("{FAE04EC0-301F-11D3-BF4B-00C04F79EFBC}") = "Health App Login", "Health App Login\Health App Login.csproj", "{B1F13C22-4A99-45EA-9EF1-893094D25522}"
EndProject
Project("{FAE04EC0-301F-11D3-BF4B-00C04F79EFBC}") = "Helper", "Helper\Helper.csproj", "{91C0817F-C383-412D-86CC-47C11BA9F235}"
EndProject
Global
	GlobalSection(SolutionConfigurationPlatforms) = preSolution
		Debug|Any CPU = Debug|Any CPU
		Release|Any CPU = Release|Any CPU
	EndGlobalSection
	GlobalSection(SolutionProperties) = preSolution
		HideSolutionNode = FALSE
	EndGlobalSection
	GlobalSection(ProjectConfigurationPlatforms) = postSolution
		{DFF45879-A72F-42ED-8FE7-12B2B1EE2016}.Debug|Any CPU.ActiveCfg = Debug|Any CPU
		{DFF45879-A72F-42ED-8FE7-12B2B1EE2016}.Debug|Any CPU.Build.0 = Debug|Any CPU
		{DFF45879-A72F-42ED-8FE7-12B2B1EE2016}.Release|Any CPU.ActiveCfg = Release|Any CPU
		{DFF45879-A72F-42ED-8FE7-12B2B1EE2016}.Release|Any CPU.Build.0 = Release|Any CPU
		{B1F13C22-4A99-45EA-9EF1-893094D25522}.Debug|Any CPU.ActiveCfg = Debug|Any CPU
		{B1F13C22-4A99-45EA-9EF1-893094D25522}.Debug|Any CPU.Build.0 = Debug|Any CPU
		{B1F13C22-4A99-45EA-9EF1-893094D25522}.Release|Any CPU.ActiveCfg = Release|Any CPU
		{B1F13C22-4A99-45EA-9EF1-893094D25522}.Release|Any CPU.Build.0 = Release|Any CPU
		{31A835C1-8702-4232-9807-7ACAF115A3A5}.Debug|Any CPU.ActiveCfg = Debug|Any CPU
		{31A835C1-8702-4232-9807-7ACAF115A3A5}.Debug|Any CPU.Build.0 = Debug|Any CPU
		{31A835C1-8702-4232-9807-7ACAF115A3A5}.Release|Any CPU.ActiveCfg = Release|Any CPU
		{31A835C1-8702-4232-9807-7ACAF115A3A5}.Release|Any CPU.Build.0 = Release|Any CPU
		{91C0817F-C383-412D-86CC-47C11BA9F235}.Debug|Any CPU.ActiveCfg = Debug|Any CPU
		{91C0817F-C383-412D-86CC-47C11BA9F235}.Debug|Any CPU.Build.0 = Debug|Any CPU
		{91C0817F-C383-412D-86CC-47C11BA9F235}.Release|Any CPU.ActiveCfg = Release|Any CPU
		{91C0817F-C383-412D-86CC-47C11BA9F235}.Release|Any CPU.Build.0 = Release|Any CPU
	EndGlobalSection
EndGlobal
